// !$*UTF8*$!
{
	archiveVersion = 1;
	classes = {
	};
	objectVersion = 46;
	objects = {

/* Begin PBXBuildFile section */
		D01EECC41B884E32003E39A6 /* Launch Screen.xib in Resources */ = {isa = PBXBuildFile; fileRef = D01EECC31B884E32003E39A6 /* Launch Screen.xib */; };
		D01EECC61B884E52003E39A6 /* launch.png in Resources */ = {isa = PBXBuildFile; fileRef = D01EECC51B884E52003E39A6 /* launch.png */; };
		D05D2E9E1B87169E00DE393B /* AppDelegate.swift in Sources */ = {isa = PBXBuildFile; fileRef = D05D2E9D1B87169E00DE393B /* AppDelegate.swift */; };
		D05D2EA01B87169E00DE393B /* ViewController.swift in Sources */ = {isa = PBXBuildFile; fileRef = D05D2E9F1B87169E00DE393B /* ViewController.swift */; };
		D05D2EA31B87169E00DE393B /* Main.storyboard in Resources */ = {isa = PBXBuildFile; fileRef = D05D2EA11B87169E00DE393B /* Main.storyboard */; };
		D05D2EA51B87169E00DE393B /* Images.xcassets in Resources */ = {isa = PBXBuildFile; fileRef = D05D2EA41B87169E00DE393B /* Images.xcassets */; };
		D05D2EB41B87169E00DE393B /* Tip_CalculatorTests.swift in Sources */ = {isa = PBXBuildFile; fileRef = D05D2EB31B87169E00DE393B /* Tip_CalculatorTests.swift */; };
/* End PBXBuildFile section */

/* Begin PBXContainerItemProxy section */
		D05D2EAE1B87169E00DE393B /* PBXContainerItemProxy */ = {
			isa = PBXContainerItemProxy;
			containerPortal = D05D2E901B87169D00DE393B /* Project object */;
			proxyType = 1;
			remoteGlobalIDString = D05D2E971B87169D00DE393B;
			remoteInfo = "Tip Calculator";
		};
/* End PBXContainerItemProxy section */

/* Begin PBXFileReference section */
		D01EECC31B884E32003E39A6 /* Launch Screen.xib */ = {isa = PBXFileReference; fileEncoding = 4; lastKnownFileType = file.xib; path = "Launch Screen.xib"; sourceTree = "<group>"; };
		D01EECC51B884E52003E39A6 /* launch.png */ = {isa = PBXFileReference; lastKnownFileType = image.png; path = launch.png; sourceTree = "<group>"; };
		D05D2E981B87169D00DE393B /* Tip Calculator.app */ = {isa = PBXFileReference; explicitFileType = wrapper.application; includeInIndex = 0; path = "Tip Calculator.app"; sourceTree = BUILT_PRODUCTS_DIR; };
		D05D2E9C1B87169E00DE393B /* Info.plist */ = {isa = PBXFileReference; lastKnownFileType = text.plist.xml; path = Info.plist; sourceTree = "<group>"; };
		D05D2E9D1B87169E00DE393B /* AppDelegate.swift */ = {isa = PBXFileReference; lastKnownFileType = sourcecode.swift; path = AppDelegate.swift; sourceTree = "<group>"; };
		D05D2E9F1B87169E00DE393B /* ViewController.swift */ = {isa = PBXFileReference; lastKnownFileType = sourcecode.swift; path = ViewController.swift; sourceTree = "<group>"; };
		D05D2EA21B87169E00DE393B /* Base */ = {isa = PBXFileReference; lastKnownFileType = file.storyboard; name = Base; path = Base.lproj/Main.storyboard; sourceTree = "<group>"; };
		D05D2EA41B87169E00DE393B /* Images.xcassets */ = {isa = PBXFileReference; lastKnownFileType = folder.assetcatalog; path = Images.xcassets; sourceTree = "<group>"; };
		D05D2EAD1B87169E00DE393B /* Tip CalculatorTests.xctest */ = {isa = PBXFileReference; explicitFileType = wrapper.cfbundle; includeInIndex = 0; path = "Tip CalculatorTests.xctest"; sourceTree = BUILT_PRODUCTS_DIR; };
		D05D2EB21B87169E00DE393B /* Info.plist */ = {isa = PBXFileReference; lastKnownFileType = text.plist.xml; path = Info.plist; sourceTree = "<group>"; };
		D05D2EB31B87169E00DE393B /* Tip_CalculatorTests.swift */ = {isa = PBXFileReference; lastKnownFileType = sourcecode.swift; path = Tip_CalculatorTests.swift; sourceTree = "<group>"; };
/* End PBXFileReference section */

/* Begin PBXFrameworksBuildPhase section */
		D05D2E951B87169D00DE393B /* Frameworks */ = {
			isa = PBXFrameworksBuildPhase;
			buildActionMask = 2147483647;
			files = (
			);
			runOnlyForDeploymentPostprocessing = 0;
		};
		D05D2EAA1B87169E00DE393B /* Frameworks */ = {
			isa = PBXFrameworksBuildPhase;
			buildActionMask = 2147483647;
			files = (
			);
			runOnlyForDeploymentPostprocessing = 0;
		};
/* End PBXFrameworksBuildPhase section */

/* Begin PBXGroup section */
		D05D2E8F1B87169D00DE393B = {
			isa = PBXGroup;
			children = (
				D05D2E9A1B87169D00DE393B /* Tip Calculator */,
				D05D2EB01B87169E00DE393B /* Tip CalculatorTests */,
				D05D2E991B87169D00DE393B /* Products */,
			);
			sourceTree = "<group>";
		};
		D05D2E991B87169D00DE393B /* Products */ = {
			isa = PBXGroup;
			children = (
				D05D2E981B87169D00DE393B /* Tip Calculator.app */,
				D05D2EAD1B87169E00DE393B /* Tip CalculatorTests.xctest */,
			);
			name = Products;
			sourceTree = "<group>";
		};
		D05D2E9A1B87169D00DE393B /* Tip Calculator */ = {
			isa = PBXGroup;
			children = (
				D05D2E9D1B87169E00DE393B /* AppDelegate.swift */,
				D05D2E9F1B87169E00DE393B /* ViewController.swift */,
				D05D2EA11B87169E00DE393B /* Main.storyboard */,
				D05D2EA41B87169E00DE393B /* Images.xcassets */,
				D01EECC31B884E32003E39A6 /* Launch Screen.xib */,
				D05D2E9B1B87169E00DE393B /* Supporting Files */,
			);
			path = "Tip Calculator";
			sourceTree = "<group>";
		};
		D05D2E9B1B87169E00DE393B /* Supporting Files */ = {
			isa = PBXGroup;
			children = (
				D01EECC51B884E52003E39A6 /* launch.png */,
				D05D2E9C1B87169E00DE393B /* Info.plist */,
			);
			name = "Supporting Files";
			sourceTree = "<group>";
		};
		D05D2EB01B87169E00DE393B /* Tip CalculatorTests */ = {
			isa = PBXGroup;
			children = (
				D05D2EB31B87169E00DE393B /* Tip_CalculatorTests.swift */,
				D05D2EB11B87169E00DE393B /* Supporting Files */,
			);
			path = "Tip CalculatorTests";
			sourceTree = "<group>";
		};
		D05D2EB11B87169E00DE393B /* Supporting Files */ = {
			isa = PBXGroup;
			children = (
				D05D2EB21B87169E00DE393B /* Info.plist */,
			);
			name = "Supporting Files";
			sourceTree = "<group>";
		};
/* End PBXGroup section */

/* Begin PBXNativeTarget section */
		D05D2E971B87169D00DE393B /* Tip Calculator */ = {
			isa = PBXNativeTarget;
			buildConfigurationList = D05D2EB71B87169E00DE393B /* Build configuration list for PBXNativeTarget "Tip Calculator" */;
			buildPhases = (
				D05D2E941B87169D00DE393B /* Sources */,
				D05D2E951B87169D00DE393B /* Frameworks */,
				D05D2E961B87169D00DE393B /* Resources */,
			);
			buildRules = (
			);
			dependencies = (
			);
			name = "Tip Calculator";
			productName = "Tip Calculator";
			productReference = D05D2E981B87169D00DE393B /* Tip Calculator.app */;
			productType = "com.apple.product-type.application";
		};
		D05D2EAC1B87169E00DE393B /* Tip CalculatorTests */ = {
			isa = PBXNativeTarget;
			buildConfigurationList = D05D2EBA1B87169E00DE393B /* Build configuration list for PBXNativeTarget "Tip CalculatorTests" */;
			buildPhases = (
				D05D2EA91B87169E00DE393B /* Sources */,
				D05D2EAA1B87169E00DE393B /* Frameworks */,
				D05D2EAB1B87169E00DE393B /* Resources */,
			);
			buildRules = (
			);
			dependencies = (
				D05D2EAF1B87169E00DE393B /* PBXTargetDependency */,
			);
			name = "Tip CalculatorTests";
			productName = "Tip CalculatorTests";
			productReference = D05D2EAD1B87169E00DE393B /* Tip CalculatorTests.xctest */;
			productType = "com.apple.product-type.bundle.unit-test";
		};
/* End PBXNativeTarget section */

/* Begin PBXProject section */
		D05D2E901B87169D00DE393B /* Project object */ = {
			isa = PBXProject;
			attributes = {
				LastUpgradeCheck = 0630;
				ORGANIZATIONNAME = "Tiffany Ng";
				TargetAttributes = {
					D05D2E971B87169D00DE393B = {
						CreatedOnToolsVersion = 6.3;
					};
					D05D2EAC1B87169E00DE393B = {
						CreatedOnToolsVersion = 6.3;
						TestTargetID = D05D2E971B87169D00DE393B;
					};
				};
			};
			buildConfigurationList = D05D2E931B87169D00DE393B /* Build configuration list for PBXProject "Tip Calculator" */;
			compatibilityVersion = "Xcode 3.2";
			developmentRegion = English;
			hasScannedForEncodings = 0;
			knownRegions = (
				en,
				Base,
			);
			mainGroup = D05D2E8F1B87169D00DE393B;
			productRefGroup = D05D2E991B87169D00DE393B /* Products */;
			projectDirPath = "";
			projectRoot = "";
			targets = (
				D05D2E971B87169D00DE393B /* Tip Calculator */,
				D05D2EAC1B87169E00DE393B /* Tip CalculatorTests */,
			);
		};
/* End PBXProject section */

/* Begin PBXResourcesBuildPhase section */
		D05D2E961B87169D00DE393B /* Resources */ = {
			isa = PBXResourcesBuildPhase;
			buildActionMask = 2147483647;
			files = (
				D01EECC61B884E52003E39A6 /* launch.png in Resources */,
				D05D2EA31B87169E00DE393B /* Main.storyboard in Resources */,
				D05D2EA51B87169E00DE393B /* Images.xcassets in Resources */,
				D01EECC41B884E32003E39A6 /* Launch Screen.xib in Resources */,
			);
			runOnlyForDeploymentPostprocessing = 0;
		};
		D05D2EAB1B87169E00DE393B /* Resources */ = {
			isa = PBXResourcesBuildPhase;
			buildActionMask = 2147483647;
			files = (
			);
			runOnlyForDeploymentPostprocessing = 0;
		};
/* End PBXResourcesBuildPhase section */

/* Begin PBXSourcesBuildPhase section */
		D05D2E941B87169D00DE393B /* Sources */ = {
			isa = PBXSourcesBuildPhase;
			buildActionMask = 2147483647;
			files = (
				D05D2EA01B87169E00DE393B /* ViewController.swift in Sources */,
				D05D2E9E1B87169E00DE393B /* AppDelegate.swift in Sources */,
			);
			runOnlyForDeploymentPostprocessing = 0;
		};
		D05D2EA91B87169E00DE393B /* Sources */ = {
			isa = PBXSourcesBuildPhase;
			buildActionMask = 2147483647;
			files = (
				D05D2EB41B87169E00DE393B /* Tip_CalculatorTests.swift in Sources */,
			);
			runOnlyForDeploymentPostprocessing = 0;
		};
/* End PBXSourcesBuildPhase section */

/* Begin PBXTargetDependency section */
		D05D2EAF1B87169E00DE393B /* PBXTargetDependency */ = {
			isa = PBXTargetDependency;
			target = D05D2E971B87169D00DE393B /* Tip Calculator */;
			targetProxy = D05D2EAE1B87169E00DE393B /* PBXContainerItemProxy */;
		};
/* End PBXTargetDependency section */

/* Begin PBXVariantGroup section */
		D05D2EA11B87169E00DE393B /* Main.storyboard */ = {
			isa = PBXVariantGroup;
			children = (
				D05D2EA21B87169E00DE393B /* Base */,
			);
			name = Main.storyboard;
			sourceTree = "<group>";
		};
/* End PBXVariantGroup section */

/* Begin XCBuildConfiguration section */
		D05D2EB51B87169E00DE393B /* Debug */ = {
			isa = XCBuildConfiguration;
			buildSettings = {
				ALWAYS_SEARCH_USER_PATHS = NO;
				CLANG_CXX_LANGUAGE_STANDARD = "gnu++0x";
				CLANG_CXX_LIBRARY = "libc++";
				CLANG_ENABLE_MODULES = YES;
				CLANG_ENABLE_OBJC_ARC = YES;
				CLANG_WARN_BOOL_CONVERSION = YES;
				CLANG_WARN_CONSTANT_CONVERSION = YES;
				CLANG_WARN_DIRECT_OBJC_ISA_USAGE = YES_ERROR;
				CLANG_WARN_EMPTY_BODY = YES;
				CLANG_WARN_ENUM_CONVERSION = YES;
				CLANG_WARN_INT_CONVERSION = YES;
				CLANG_WARN_OBJC_ROOT_CLASS = YES_ERROR;
				CLANG_WARN_UNREACHABLE_CODE = YES;
				CLANG_WARN__DUPLICATE_METHOD_MATCH = YES;
				"CODE_SIGN_IDENTITY[sdk=iphoneos*]" = "iPhone Developer";
				COPY_PHASE_STRIP = NO;
				DEBUG_INFORMATION_FORMAT = "dwarf-with-dsym";
				ENABLE_STRICT_OBJC_MSGSEND = YES;
				GCC_C_LANGUAGE_STANDARD = gnu99;
				GCC_DYNAMIC_NO_PIC = NO;
				GCC_NO_COMMON_BLOCKS = YES;
				GCC_OPTIMIZATION_LEVEL = 0;
				GCC_PREPROCESSOR_DEFINITIONS = (
					"DEBUG=1",
					"$(inherited)",
				);
				GCC_SYMBOLS_PRIVATE_EXTERN = NO;
				GCC_WARN_64_TO_32_BIT_CONVERSION = YES;
				GCC_WARN_ABOUT_RETURN_TYPE = YES_ERROR;
				GCC_WARN_UNDECLARED_SELECTOR = YES;
				GCC_WARN_UNINITIALIZED_AUTOS = YES_AGGRESSIVE;
				GCC_WARN_UNUSED_FUNCTION = YES;
				GCC_WARN_UNUSED_VARIABLE = YES;
				IPHONEOS_DEPLOYMENT_TARGET = 8.3;
				MTL_ENABLE_DEBUG_INFO = YES;
				ONLY_ACTIVE_ARCH = YES;
				SDKROOT = iphoneos;
				SWIFT_OPTIMIZATION_LEVEL = "-Onone";
			};
			name = Debug;
		};
		D05D2EB61B87169E00DE393B /* Release */ = {
			isa = XCBuildConfiguration;
			buildSettings = {
				ALWAYS_SEARCH_USER_PATHS = NO;
				CLANG_CXX_LANGUAGE_STANDARD = "gnu++0x";
				CLANG_CXX_LIBRARY = "libc++";
				CLANG_ENABLE_MODULES = YES;
				CLANG_ENABLE_OBJC_ARC = YES;
				CLANG_WARN_BOOL_CONVERSION = YES;
				CLANG_WARN_CONSTANT_CONVERSION = YES;
				CLANG_WARN_DIRECT_OBJC_ISA_USAGE = YES_ERROR;
				CLANG_WARN_EMPTY_BODY = YES;
				CLANG_WARN_ENUM_CONVERSION = YES;
				CLANG_WARN_INT_CONVERSION = YES;
				CLANG_WARN_OBJC_ROOT_CLASS = YES_ERROR;
				CLANG_WARN_UNREACHABLE_CODE = YES;
				CLANG_WARN__DUPLICATE_METHOD_MATCH = YES;
				"CODE_SIGN_IDENTITY[sdk=iphoneos*]" = "iPhone Developer";
				COPY_PHASE_STRIP = NO;
				DEBUG_INFORMATION_FORMAT = "dwarf-with-dsym";
				ENABLE_NS_ASSERTIONS = NO;
				ENABLE_STRICT_OBJC_MSGSEND = YES;
				GCC_C_LANGUAGE_STANDARD = gnu99;
				GCC_NO_COMMON_BLOCKS = YES;
				GCC_WARN_64_TO_32_BIT_CONVERSION = YES;
				GCC_WARN_ABOUT_RETURN_TYPE = YES_ERROR;
				GCC_WARN_UNDECLARED_SELECTOR = YES;
				GCC_WARN_UNINITIALIZED_AUTOS = YES_AGGRESSIVE;
				GCC_WARN_UNUSED_FUNCTION = YES;
				GCC_WARN_UNUSED_VARIABLE = YES;
				IPHONEOS_DEPLOYMENT_TARGET = 8.3;
				MTL_ENABLE_DEBUG_INFO = NO;
				SDKROOT = iphoneos;
				VALIDATE_PRODUCT = YES;
			};
			name = Release;
		};
		D05D2EB81B87169E00DE393B /* Debug */ = {
			isa = XCBuildConfiguration;
			buildSettings = {
				ASSETCATALOG_COMPILER_APPICON_NAME = AppIcon;
				INFOPLIST_FILE = "Tip Calculator/Info.plist";
				IPHONEOS_DEPLOYMENT_TARGET = 7.0;
				LD_RUNPATH_SEARCH_PATHS = "$(inherited) @executable_path/Frameworks";
				PRODUCT_NAME = "$(TARGET_NAME)";
			};
			name = Debug;
		};
		D05D2EB91B87169E00DE393B /* Release */ = {
			isa = XCBuildConfiguration;
			buildSettings = {
				ASSETCATALOG_COMPILER_APPICON_NAME = AppIcon;
				INFOPLIST_FILE = "Tip Calculator/Info.plist";
				IPHONEOS_DEPLOYMENT_TARGET = 7.0;
				LD_RUNPATH_SEARCH_PATHS = "$(inherited) @executable_path/Frameworks";
				PRODUCT_NAME = "$(TARGET_NAME)";
			};
			name = Release;
		};
		D05D2EBB1B87169E00DE393B /* Debug */ = {
			isa = XCBuildConfiguration;
			buildSettings = {
				BUNDLE_LOADER = "$(TEST_HOST)";
				FRAMEWORK_SEARCH_PATHS = (
					"$(SDKROOT)/Developer/Library/Frameworks",
					"$(inherited)",
				);
				GCC_PREPROCESSOR_DEFINITIONS = (
					"DEBUG=1",
					"$(inherited)",
				);
				INFOPLIST_FILE = "Tip CalculatorTests/Info.plist";
				LD_RUNPATH_SEARCH_PATHS = "$(inherited) @executable_path/Frameworks @loader_path/Frameworks";
				PRODUCT_NAME = "$(TARGET_NAME)";
				TEST_HOST = "$(BUILT_PRODUCTS_DIR)/Tip Calculator.app/Tip Calculator";
			};
			name = Debug;
		};
		D05D2EBC1B87169E00DE393B /* Release */ = {
			isa = XCBuildConfiguration;
			buildSettings = {
				BUNDLE_LOADER = "$(TEST_HOST)";
				FRAMEWORK_SEARCH_PATHS = (
					"$(SDKROOT)/Developer/Library/Frameworks",
					"$(inherited)",
				);
				INFOPLIST_FILE = "Tip CalculatorTests/Info.plist";
				LD_RUNPATH_SEARCH_PATHS = "$(inherited) @executable_path/Frameworks @loader_path/Frameworks";
				PRODUCT_NAME = "$(TARGET_NAME)";
				TEST_HOST = "$(BUILT_PRODUCTS_DIR)/Tip Calculator.app/Tip Calculator";
			};
			name = Release;
		};
/* End XCBuildConfiguration section */

/* Begin XCConfigurationList section */
		D05D2E931B87169D00DE393B /* Build configuration list for PBXProject "Tip Calculator" */ = {
			isa = XCConfigurationList;
			buildConfigurations = (
				D05D2EB51B87169E00DE393B /* Debug */,
				D05D2EB61B87169E00DE393B /* Release */,
			);
			defaultConfigurationIsVisible = 0;
			defaultConfigurationName = Release;
		};
		D05D2EB71B87169E00DE393B /* Build configuration list for PBXNativeTarget "Tip Calculator" */ = {
			isa = XCConfigurationList;
			buildConfigurations = (
				D05D2EB81B87169E00DE393B /* Debug */,
				D05D2EB91B87169E00DE393B /* Release */,
			);
			defaultConfigurationIsVisible = 0;
			defaultConfigurationName = Release;
		};
		D05D2EBA1B87169E00DE393B /* Build configuration list for PBXNativeTarget "Tip CalculatorTests" */ = {
			isa = XCConfigurationList;
			buildConfigurations = (
				D05D2EBB1B87169E00DE393B /* Debug */,
				D05D2EBC1B87169E00DE393B /* Release */,
			);
			defaultConfigurationIsVisible = 0;
			defaultConfigurationName = Release;
		};
/* End XCConfigurationList section */
	};
	rootObject = D05D2E901B87169D00DE393B /* Project object */;
}
